
Microsoft Visual Studio Solution File, Format Version 12.00
# Visual Studio Version 17
VisualStudioVersion = 17.2.32602.215
MinimumVisualStudioVersion = 10.0.40219.1
Project("{FAE04EC0-301F-11D3-BF4B-00C04F79EFBC}") = "DrawLogo", "DrawLogo\DrawLogo.csproj", "{A388533F-09BA-4187-8BA8-FA7425936EAD}"
EndProject
Global
	GlobalSection(SolutionConfigurationPlatforms) = preSolution
		Debug|Any CPU = Debug|Any CPU
		Release|Any CPU = Release|Any CPU
	EndGlobalSection
	GlobalSection(ProjectConfigurationPlatforms) = postSolution
		{A388533F-09BA-4187-8BA8-FA7425936EAD}.Debug|Any CPU.ActiveCfg = Debug|Any CPU
		{A388533F-09BA-4187-8BA8-FA7425936EAD}.Debug|Any CPU.Build.0 = Debug|Any CPU
		{A388533F-09BA-4187-8BA8-FA7425936EAD}.Release|Any CPU.ActiveCfg = Release|Any CPU
		{A388533F-09BA-4187-8BA8-FA7425936EAD}.Release|Any CPU.Build.0 = Release|Any CPU
	EndGlobalSection
	GlobalSection(SolutionProperties) = preSolution
		HideSolutionNode = FALSE
	EndGlobalSection
	GlobalSection(ExtensibilityGlobals) = postSolution
		SolutionGuid = {C548AFDC-DB48-4B07-8870-EB7FB5B845C9}
	EndGlobalSection
EndGlobal
